<?xml version="1.0" encoding="utf-8"?>
<Project ToolsVersion="4.0" xmlns="http://schemas.microsoft.com/developer/msbuild/2003">
  <ItemGroup>
    <Filter Include="Source Files">
      <UniqueIdentifier>{4FC737F1-C7A5-4376-A066-2A32D752A2FF}</UniqueIdentifier>
      <Extensions>cpp;c;cc;cxx;def;odl;idl;hpj;bat;asm;asmx</Extensions>
    </Filter>
    <Filter Include="Header Files">
      <UniqueIdentifier>{93995380-89BD-4b04-88EB-625FBE52EBFB}</UniqueIdentifier>
      <Extensions>h;hh;hpp;hxx;hm;inl;inc;xsd</Extensions>
    </Filter>
    <Filter Include="Resource Files">
      <UniqueIdentifier>{67DA6AB6-F800-4c08-8B7A-83BB121AAD01}</UniqueIdentifier>
      <Extensions>rc;ico;cur;bmp;dlg;rc2;rct;bin;rgs;gif;jpg;jpeg;jpe;resx;tiff;tif;png;wav;mfcribbon-ms</Extensions>
    </Filter>
    <Filter Include="Source Files\Window">
      <UniqueIdentifier>{5ed58a4b-16a0-4c7e-af6e-33af8b327f1a}</UniqueIdentifier>
    </Filter>
    <Filter Include="Header Files\Window">
      <UniqueIdentifier>{d00dd75c-3320-472e-ab3b-941330bdc82e}</UniqueIdentifier>
    </Filter>
    <Filter Include="Header Files\Math">
      <UniqueIdentifier>{bea675a1-f59e-40c3-804f-205f0229260d}</UniqueIdentifier>
    </Filter>
    <Filter Include="Source Files\Math">
      <UniqueIdentifier>{3d64cddf-f055-460e-8021-1de790e7b365}</UniqueIdentifier>
    </Filter>
    <Filter Include="Header Files\Rendering">
      <UniqueIdentifier>{4a3ed2f6-f302-4c5b-9946-f1024cfe2e41}</UniqueIdentifier>
    </Filter>
    <Filter Include="Source Files\Rendering">
      <UniqueIdentifier>{066de257-823f-4713-b4e0-c9c0e16403c7}</UniqueIdentifier>
    </Filter>
    <Filter Include="Header Files\staticLibs">
      <UniqueIdentifier>{b8c15694-391d-482b-a23e-713493043a45}</UniqueIdentifier>
    </Filter>
    <Filter Include="Header Files\Text">
      <UniqueIdentifier>{914cb61e-e7a2-4eb0-9f12-07d161f6f720}</UniqueIdentifier>
    </Filter>
    <Filter Include="Source Files\Text">
      <UniqueIdentifier>{2dc57420-485d-4d5b-b450-49c323c77b25}</UniqueIdentifier>
    </Filter>
    <Filter Include="Header Files\App">
      <UniqueIdentifier>{c51fb316-66b5-4b5f-9b6a-b0b598ea7dad}</UniqueIdentifier>
    </Filter>
    <Filter Include="Header Files\Resource Management">
      <UniqueIdentifier>{c9ee5973-2979-441f-89ab-a4a51293d3e4}</UniqueIdentifier>
    </Filter>
    <Filter Include="Header Files\GUI">
      <UniqueIdentifier>{126aea7b-ea54-417a-b0fb-ff4c127c9ed7}</UniqueIdentifier>
    </Filter>
    <Filter Include="Header Files\State">
      <UniqueIdentifier>{480d5f7a-bb53-4721-9886-aca0be663e89}</UniqueIdentifier>
    </Filter>
    <Filter Include="Source Files\App">
      <UniqueIdentifier>{34ffbeae-0a5b-467d-96ed-ce489ffc3466}</UniqueIdentifier>
    </Filter>
    <Filter Include="Source Files\GUI">
      <UniqueIdentifier>{3518bc08-b92b-47b5-914c-03dd2558cc65}</UniqueIdentifier>
    </Filter>
    <Filter Include="Source Files\State">
      <UniqueIdentifier>{37e3a195-2f9f-47f7-b8bb-687824df93a4}</UniqueIdentifier>
    </Filter>
    <Filter Include="Header Files\System">
      <UniqueIdentifier>{9ecbc0e1-69cf-424b-b961-eaa0c9ee84d0}</UniqueIdentifier>
    </Filter>
    <Filter Include="Source Files\System">
      <UniqueIdentifier>{48b272dc-caf9-4e18-9181-61ebe57248b7}</UniqueIdentifier>
    </Filter>
    <Filter Include="Header Files\GL">
      <UniqueIdentifier>{3773d285-2789-418a-8131-13e907b5b8af}</UniqueIdentifier>
    </Filter>
  </ItemGroup>
  <ItemGroup>
    <ClCompile Include="src\main.cpp">
      <Filter>Source Files</Filter>
    </ClCompile>
    <ClCompile Include="src\Application.cpp">
      <Filter>Source Files</Filter>
    </ClCompile>
    <ClCompile Include="src\window\Clock.cpp">
      <Filter>Source Files\Window</Filter>
    </ClCompile>
    <ClCompile Include="src\window\GlContext.cpp">
      <Filter>Source Files\Window</Filter>
    </ClCompile>
    <ClCompile Include="src\window\Mouse.cpp">
      <Filter>Source Files\Window</Filter>
    </ClCompile>
    <ClCompile Include="src\window\Time.cpp">
      <Filter>Source Files\Window</Filter>
    </ClCompile>
    <ClCompile Include="src\window\VideoMode.cpp">
      <Filter>Source Files\Window</Filter>
    </ClCompile>
    <ClCompile Include="src\window\Window.cpp">
      <Filter>Source Files\Window</Filter>
    </ClCompile>
    <ClCompile Include="src\window\WindowImplWin32.cpp">
      <Filter>Source Files\Window</Filter>
    </ClCompile>
    <ClCompile Include="src\math\Vector.cpp">
      <Filter>Source Files\Math</Filter>
    </ClCompile>
    <ClCompile Include="src\rendering\Shader.cpp">
      <Filter>Source Files\Rendering</Filter>
    </ClCompile>
    <ClCompile Include="src\rendering\Color.cpp">
      <Filter>Source Files\Rendering</Filter>
    </ClCompile>
    <ClCompile Include="src\rendering\Texture.cpp">
      <Filter>Source Files\Rendering</Filter>
    </ClCompile>
    <ClCompile Include="src\rendering\Transform.cpp">
      <Filter>Source Files\Rendering</Filter>
    </ClCompile>
    <ClCompile Include="src\rendering\Sprite.cpp">
      <Filter>Source Files\Rendering</Filter>
    </ClCompile>
    <ClCompile Include="src\rendering\Vertex.cpp">
      <Filter>Source Files\Rendering</Filter>
    </ClCompile>
    <ClCompile Include="src\rendering\RenderStates.cpp">
      <Filter>Source Files\Rendering</Filter>
    </ClCompile>
    <ClCompile Include="src\rendering\RenderTarget2D.cpp">
      <Filter>Source Files\Rendering</Filter>
    </ClCompile>
    <ClCompile Include="src\text\Text.cpp">
      <Filter>Source Files\Text</Filter>
    </ClCompile>
    <ClCompile Include="src\text\SDFFUtility.cpp">
      <Filter>Source Files\Text</Filter>
    </ClCompile>
    <ClCompile Include="src\text\Font.cpp">
      <Filter>Source Files\Text</Filter>
    </ClCompile>
    <ClCompile Include="src\math\Matrix.cpp">
      <Filter>Source Files\Math</Filter>
    </ClCompile>
    <ClCompile Include="src\rendering\Shape.cpp">
      <Filter>Source Files\Rendering</Filter>
    </ClCompile>
    <ClCompile Include="src\rendering\RectangleShape.cpp">
      <Filter>Source Files\Rendering</Filter>
    </ClCompile>
    <ClCompile Include="src\window\GLCheck.cpp">
      <Filter>Source Files\Window</Filter>
    </ClCompile>
    <ClCompile Include="src\rendering\Camera.cpp">
      <Filter>Source Files\Rendering</Filter>
    </ClCompile>
    <ClCompile Include="src\rendering\RenderTexture.cpp">
      <Filter>Source Files\Rendering</Filter>
    </ClCompile>
    <ClCompile Include="src\app\GameState.cpp">
      <Filter>Source Files\App</Filter>
    </ClCompile>
    <ClCompile Include="src\app\MenuState.cpp">
      <Filter>Source Files\App</Filter>
    </ClCompile>
    <ClCompile Include="src\gui\Button.cpp">
      <Filter>Source Files\GUI</Filter>
    </ClCompile>
    <ClCompile Include="src\gui\Container.cpp">
      <Filter>Source Files\GUI</Filter>
    </ClCompile>
    <ClCompile Include="src\gui\Toggle.cpp">
      <Filter>Source Files\GUI</Filter>
    </ClCompile>
    <ClCompile Include="src\state\State.cpp">
      <Filter>Source Files\State</Filter>
    </ClCompile>
    <ClCompile Include="src\state\StateStack.cpp">
      <Filter>Source Files\State</Filter>
    </ClCompile>
    <ClCompile Include="src\system\Utilities.cpp">
      <Filter>Source Files\System</Filter>
    </ClCompile>
    <ClCompile Include="src\gui\Component.cpp">
      <Filter>Source Files\GUI</Filter>
    </ClCompile>
    <ClCompile Include="src\app\SettingsState.cpp">
      <Filter>Source Files\App</Filter>
    </ClCompile>
    <ClCompile Include="src\state\LoadingState.cpp">
      <Filter>Source Files\App</Filter>
    </ClCompile>
    <ClCompile Include="src\rendering\Image.cpp">
      <Filter>Source Files\Rendering</Filter>
    </ClCompile>
    <ClCompile Include="src\math\Quaternion.cpp">
      <Filter>Source Files\Math</Filter>
    </ClCompile>
    <ClCompile Include="src\math\MathHelper.cpp">
      <Filter>Source Files\Math</Filter>
    </ClCompile>
    <ClCompile Include="src\math\Angle.cpp">
      <Filter>Source Files\Math</Filter>
    </ClCompile>
  </ItemGroup>
  <ItemGroup>
    <ClInclude Include="src\Application.hpp">
      <Filter>Header Files</Filter>
    </ClInclude>
    <ClInclude Include="src\window\Clock.h">
      <Filter>Header Files\Window</Filter>
    </ClInclude>
    <ClInclude Include="src\window\Config.h">
      <Filter>Header Files\Window</Filter>
    </ClInclude>
    <ClInclude Include="src\window\ContextSettings.hpp">
      <Filter>Header Files\Window</Filter>
    </ClInclude>
    <ClInclude Include="src\window\Event.h">
      <Filter>Header Files\Window</Filter>
    </ClInclude>
    <ClInclude Include="src\window\GlContext.hpp">
      <Filter>Header Files\Window</Filter>
    </ClInclude>
    <ClInclude Include="src\window\glext.h">
      <Filter>Header Files\Window</Filter>
    </ClInclude>
    <ClInclude Include="src\window\glxext.h">
      <Filter>Header Files\Window</Filter>
    </ClInclude>
    <ClInclude Include="src\window\Keyboard.h">
      <Filter>Header Files\Window</Filter>
    </ClInclude>
    <ClInclude Include="src\window\Lock.hpp">
      <Filter>Header Files\Window</Filter>
    </ClInclude>
    <ClInclude Include="src\window\Mouse.h">
      <Filter>Header Files\Window</Filter>
    </ClInclude>
    <ClInclude Include="src\window\OpenGL.hpp">
      <Filter>Header Files\Window</Filter>
    </ClInclude>
    <ClInclude Include="src\window\Time.h">
      <Filter>Header Files\Window</Filter>
    </ClInclude>
    <ClInclude Include="src\window\VideoMode.hpp">
      <Filter>Header Files\Window</Filter>
    </ClInclude>
    <ClInclude Include="src\window\wglext.h">
      <Filter>Header Files\Window</Filter>
    </ClInclude>
    <ClInclude Include="src\window\Window.hpp">
      <Filter>Header Files\Window</Filter>
    </ClInclude>
    <ClInclude Include="src\window\WindowImplWin32.hpp">
      <Filter>Header Files\Window</Filter>
    </ClInclude>
    <ClInclude Include="src\window\WindowStyle.hpp">
      <Filter>Header Files\Window</Filter>
    </ClInclude>
    <ClInclude Include="src\math\MathHelper.h">
      <Filter>Header Files\Math</Filter>
    </ClInclude>
    <ClInclude Include="src\math\Matrix.h">
      <Filter>Header Files\Math</Filter>
    </ClInclude>
    <ClInclude Include="src\math\Quaternion.h">
      <Filter>Header Files\Math</Filter>
    </ClInclude>
    <ClInclude Include="src\math\Vector.h">
      <Filter>Header Files\Math</Filter>
    </ClInclude>
    <ClInclude Include="src\rendering\Shader.hpp">
      <Filter>Header Files\Rendering</Filter>
    </ClInclude>
    <ClInclude Include="src\rendering\Color.h">
      <Filter>Header Files\Rendering</Filter>
    </ClInclude>
    <ClInclude Include="src\rendering\Texture.hpp">
      <Filter>Header Files\Rendering</Filter>
    </ClInclude>
    <ClInclude Include="src\staticLibs\stb_image.h">
      <Filter>Header Files\staticLibs</Filter>
    </ClInclude>
    <ClInclude Include="src\rendering\Sprite.hpp">
      <Filter>Header Files\Rendering</Filter>
    </ClInclude>
    <ClInclude Include="src\rendering\Transform.hpp">
      <Filter>Header Files\Rendering</Filter>
    </ClInclude>
    <ClInclude Include="src\math\Rect.h">
      <Filter>Header Files\Math</Filter>
    </ClInclude>
    <ClInclude Include="src\rendering\Vertex.hpp">
      <Filter>Header Files\Rendering</Filter>
    </ClInclude>
    <ClInclude Include="src\rendering\Drawable.hpp">
      <Filter>Header Files\Rendering</Filter>
    </ClInclude>
    <ClInclude Include="src\rendering\RenderStates.hpp">
      <Filter>Header Files\Rendering</Filter>
    </ClInclude>
    <ClInclude Include="src\rendering\RenderTarget2D.h">
      <Filter>Header Files\Rendering</Filter>
    </ClInclude>
    <ClInclude Include="src\rendering\Camera.hpp">
      <Filter>Header Files\Rendering</Filter>
    </ClInclude>
    <ClInclude Include="src\text\Font.hpp">
      <Filter>Header Files\Text</Filter>
    </ClInclude>
    <ClInclude Include="src\text\MetricsData.hpp">
      <Filter>Header Files\Text</Filter>
    </ClInclude>
    <ClInclude Include="src\text\SDFFUtility.hpp">
      <Filter>Header Files\Text</Filter>
    </ClInclude>
    <ClInclude Include="src\text\Text.hpp">
      <Filter>Header Files\Text</Filter>
    </ClInclude>
    <ClInclude Include="src\rendering\PrimitiveType.hpp">
      <Filter>Header Files\Rendering</Filter>
    </ClInclude>
    <ClInclude Include="src\rendering\Shape.hpp">
      <Filter>Header Files\Rendering</Filter>
    </ClInclude>
    <ClInclude Include="src\rendering\RectangleShape.hpp">
      <Filter>Header Files\Rendering</Filter>
    </ClInclude>
    <ClInclude Include="src\window\NonCopyable.hpp">
      <Filter>Header Files\Window</Filter>
    </ClInclude>
    <ClInclude Include="src\window\GLCheck.hpp">
      <Filter>Header Files\Window</Filter>
    </ClInclude>
    <ClInclude Include="src\rendering\RenderTexture.hpp">
      <Filter>Header Files\Rendering</Filter>
    </ClInclude>
    <ClInclude Include="src\app\GameState.hpp">
      <Filter>Header Files\App</Filter>
    </ClInclude>
    <ClInclude Include="src\app\MenuState.hpp">
      <Filter>Header Files\App</Filter>
    </ClInclude>
    <ClInclude Include="src\app\ResourceIdentifiers.hpp">
      <Filter>Header Files\App</Filter>
    </ClInclude>
    <ClInclude Include="src\app\StateIdentifiers.hpp">
      <Filter>Header Files\App</Filter>
    </ClInclude>
    <ClInclude Include="src\gui\Button.hpp">
      <Filter>Header Files\GUI</Filter>
    </ClInclude>
    <ClInclude Include="src\gui\Component.hpp">
      <Filter>Header Files\GUI</Filter>
    </ClInclude>
    <ClInclude Include="src\gui\Container.hpp">
      <Filter>Header Files\GUI</Filter>
    </ClInclude>
    <ClInclude Include="src\gui\Slider.h">
      <Filter>Header Files\GUI</Filter>
    </ClInclude>
    <ClInclude Include="src\gui\Toggle.h">
      <Filter>Header Files\GUI</Filter>
    </ClInclude>
    <ClInclude Include="src\state\State.hpp">
      <Filter>Header Files\State</Filter>
    </ClInclude>
    <ClInclude Include="src\state\StateStack.hpp">
      <Filter>Header Files\State</Filter>
    </ClInclude>
    <ClInclude Include="src\resource management\ResourceHolder.hpp">
      <Filter>Header Files\Resource Management</Filter>
    </ClInclude>
    <ClInclude Include="src\system\BinaryStream.hpp">
      <Filter>Header Files\System</Filter>
    </ClInclude>
    <ClInclude Include="src\system\Utilities.h">
      <Filter>Header Files\System</Filter>
    </ClInclude>
    <ClInclude Include="src\app\SettingsState.hpp">
      <Filter>Header Files\App</Filter>
    </ClInclude>
    <ClInclude Include="src\state\LoadingState.hpp">
      <Filter>Header Files\App</Filter>
    </ClInclude>
    <ClInclude Include="src\rendering\Image.hpp">
      <Filter>Header Files\Rendering</Filter>
    </ClInclude>
    <ClInclude Include="src\rendering\Block.hpp">
      <Filter>Header Files\Rendering</Filter>
    </ClInclude>
    <ClInclude Include="src\rendering\CameraPersp.hpp">
      <Filter>Header Files\Rendering</Filter>
    </ClInclude>
    <ClInclude Include="src\gl\GLCheck.h">
      <Filter>Header Files\GL</Filter>
    </ClInclude>
    <ClInclude Include="src\gl\Buffer.hpp">
      <Filter>Header Files\GL</Filter>
    </ClInclude>
    <ClInclude Include="src\rendering\Chunk.hpp">
      <Filter>Header Files\Rendering</Filter>
    </ClInclude>
    <ClInclude Include="src\math\Angle.hpp">
      <Filter>Header Files\Math</Filter>
    </ClInclude>
  </ItemGroup>
  <ItemGroup>
    <None Include="src\gui\Slider.inl">
      <Filter>Header Files\GUI</Filter>
    </None>
    <None Include="src\resource management\ResourceHolder.inl">
      <Filter>Header Files\Resource Management</Filter>
    </None>
  </ItemGroup>
</Project>